
Microsoft Visual Studio Solution File, Format Version 12.00
# Visual Studio Version 17
VisualStudioVersion = 17.5.33502.453
MinimumVisualStudioVersion = 10.0.40219.1
Project("{FAE04EC0-301F-11D3-BF4B-00C04F79EFBC}") = "staff register", "staff register.csproj", "{0E8B9F6D-F1F9-4C35-8E2D-49AB718AB7F3}"
EndProject
Global
	GlobalSection(SolutionConfigurationPlatforms) = preSolution
		Debug|Any CPU = Debug|Any CPU
		Release|Any CPU = Release|Any CPU
	EndGlobalSection
	GlobalSection(ProjectConfigurationPlatforms) = postSolution
		{0E8B9F6D-F1F9-4C35-8E2D-49AB718AB7F3}.Debug|Any CPU.ActiveCfg = Debug|Any CPU
		{0E8B9F6D-F1F9-4C35-8E2D-49AB718AB7F3}.Debug|Any CPU.Build.0 = Debug|Any CPU
		{0E8B9F6D-F1F9-4C35-8E2D-49AB718AB7F3}.Release|Any CPU.ActiveCfg = Release|Any CPU
		{0E8B9F6D-F1F9-4C35-8E2D-49AB718AB7F3}.Release|Any CPU.Build.0 = Release|Any CPU
	EndGlobalSection
	GlobalSection(SolutionProperties) = preSolution
		HideSolutionNode = FALSE
	EndGlobalSection
	GlobalSection(ExtensibilityGlobals) = postSolution
		SolutionGuid = {9EC9C70E-E10D-4EF5-9F5F-AFAF7A0BBFC0}
	EndGlobalSection
EndGlobal
